uuid: f61078c6-c83a-4a4a-b907-3d719c5751e2
langcode: en
status: true
dependencies:
  config:
    - views.view.recipe_collections
  module:
    - views
  theme:
    - umami
_core:
  default_config_hash: E0HLSvcSJo84yye98a8UbxEugNebWa1XQAmUxBSXuus
id: views_block__recipe_collections_block
theme: umami
region: content_bottom
weight: 0
provider: null
plugin: 'views_block:recipe_collections-block'
settings:
  id: 'views_block:recipe_collections-block'
  label: ''
  provider: views
  label_display: visible
  views_label: ''
  items_per_page: none
visibility: {  }
